
Microsoft Visual Studio Solution File, Format Version 12.00
# Visual Studio Version 16
VisualStudioVersion = 16.6.30114.105
MinimumVisualStudioVersion = 10.0.40219.1
Project("{FAE04EC0-301F-11D3-BF4B-00C04F79EFBC}") = "CarsLib", "CarsLib\CarsLib.csproj", "{77B79720-D52C-4B29-8417-0DFFE719810C}"
EndProject
Project("{FAE04EC0-301F-11D3-BF4B-00C04F79EFBC}") = "CarsLibTests", "CarsLibTests\CarsLibTests.csproj", "{262C3AEC-2FEC-421C-98D7-7DFBA1FC7AB6}"
EndProject
Project("{FAE04EC0-301F-11D3-BF4B-00C04F79EFBC}") = "OwnerTests", "OwnerTests\OwnerTests.csproj", "{D62D2BD9-A9C5-493E-9262-0C3455884740}"
EndProject
Global
	GlobalSection(SolutionConfigurationPlatforms) = preSolution
		Debug|Any CPU = Debug|Any CPU
		Debug|x64 = Debug|x64
		Debug|x86 = Debug|x86
		Release|Any CPU = Release|Any CPU
		Release|x64 = Release|x64
		Release|x86 = Release|x86
	EndGlobalSection
	GlobalSection(SolutionProperties) = preSolution
		HideSolutionNode = FALSE
	EndGlobalSection
	GlobalSection(ProjectConfigurationPlatforms) = postSolution
		{77B79720-D52C-4B29-8417-0DFFE719810C}.Debug|Any CPU.ActiveCfg = Debug|Any CPU
		{77B79720-D52C-4B29-8417-0DFFE719810C}.Debug|Any CPU.Build.0 = Debug|Any CPU
		{77B79720-D52C-4B29-8417-0DFFE719810C}.Debug|x64.ActiveCfg = Debug|Any CPU
		{77B79720-D52C-4B29-8417-0DFFE719810C}.Debug|x64.Build.0 = Debug|Any CPU
		{77B79720-D52C-4B29-8417-0DFFE719810C}.Debug|x86.ActiveCfg = Debug|Any CPU
		{77B79720-D52C-4B29-8417-0DFFE719810C}.Debug|x86.Build.0 = Debug|Any CPU
		{77B79720-D52C-4B29-8417-0DFFE719810C}.Release|Any CPU.ActiveCfg = Release|Any CPU
		{77B79720-D52C-4B29-8417-0DFFE719810C}.Release|Any CPU.Build.0 = Release|Any CPU
		{77B79720-D52C-4B29-8417-0DFFE719810C}.Release|x64.ActiveCfg = Release|Any CPU
		{77B79720-D52C-4B29-8417-0DFFE719810C}.Release|x64.Build.0 = Release|Any CPU
		{77B79720-D52C-4B29-8417-0DFFE719810C}.Release|x86.ActiveCfg = Release|Any CPU
		{77B79720-D52C-4B29-8417-0DFFE719810C}.Release|x86.Build.0 = Release|Any CPU
		{262C3AEC-2FEC-421C-98D7-7DFBA1FC7AB6}.Debug|Any CPU.ActiveCfg = Debug|Any CPU
		{262C3AEC-2FEC-421C-98D7-7DFBA1FC7AB6}.Debug|Any CPU.Build.0 = Debug|Any CPU
		{262C3AEC-2FEC-421C-98D7-7DFBA1FC7AB6}.Debug|x64.ActiveCfg = Debug|Any CPU
		{262C3AEC-2FEC-421C-98D7-7DFBA1FC7AB6}.Debug|x64.Build.0 = Debug|Any CPU
		{262C3AEC-2FEC-421C-98D7-7DFBA1FC7AB6}.Debug|x86.ActiveCfg = Debug|Any CPU
		{262C3AEC-2FEC-421C-98D7-7DFBA1FC7AB6}.Debug|x86.Build.0 = Debug|Any CPU
		{262C3AEC-2FEC-421C-98D7-7DFBA1FC7AB6}.Release|Any CPU.ActiveCfg = Release|Any CPU
		{262C3AEC-2FEC-421C-98D7-7DFBA1FC7AB6}.Release|Any CPU.Build.0 = Release|Any CPU
		{262C3AEC-2FEC-421C-98D7-7DFBA1FC7AB6}.Release|x64.ActiveCfg = Release|Any CPU
		{262C3AEC-2FEC-421C-98D7-7DFBA1FC7AB6}.Release|x64.Build.0 = Release|Any CPU
		{262C3AEC-2FEC-421C-98D7-7DFBA1FC7AB6}.Release|x86.ActiveCfg = Release|Any CPU
		{262C3AEC-2FEC-421C-98D7-7DFBA1FC7AB6}.Release|x86.Build.0 = Release|Any CPU
		{D62D2BD9-A9C5-493E-9262-0C3455884740}.Debug|Any CPU.ActiveCfg = Debug|Any CPU
		{D62D2BD9-A9C5-493E-9262-0C3455884740}.Debug|Any CPU.Build.0 = Debug|Any CPU
		{D62D2BD9-A9C5-493E-9262-0C3455884740}.Debug|x64.ActiveCfg = Debug|Any CPU
		{D62D2BD9-A9C5-493E-9262-0C3455884740}.Debug|x64.Build.0 = Debug|Any CPU
		{D62D2BD9-A9C5-493E-9262-0C3455884740}.Debug|x86.ActiveCfg = Debug|Any CPU
		{D62D2BD9-A9C5-493E-9262-0C3455884740}.Debug|x86.Build.0 = Debug|Any CPU
		{D62D2BD9-A9C5-493E-9262-0C3455884740}.Release|Any CPU.ActiveCfg = Release|Any CPU
		{D62D2BD9-A9C5-493E-9262-0C3455884740}.Release|Any CPU.Build.0 = Release|Any CPU
		{D62D2BD9-A9C5-493E-9262-0C3455884740}.Release|x64.ActiveCfg = Release|Any CPU
		{D62D2BD9-A9C5-493E-9262-0C3455884740}.Release|x64.Build.0 = Release|Any CPU
		{D62D2BD9-A9C5-493E-9262-0C3455884740}.Release|x86.ActiveCfg = Release|Any CPU
		{D62D2BD9-A9C5-493E-9262-0C3455884740}.Release|x86.Build.0 = Release|Any CPU
	EndGlobalSection
EndGlobal
